
Microsoft Visual Studio Solution File, Format Version 12.00
# Visual Studio Version 17
VisualStudioVersion = 17.6.33801.468
MinimumVisualStudioVersion = 10.0.40219.1
Project("{FAE04EC0-301F-11D3-BF4B-00C04F79EFBC}") = "POS Q80", "POS Q80\POS Q80.csproj", "{831C1843-A600-43AB-AAD1-63E6F85BE563}"
EndProject
Global
	GlobalSection(SolutionConfigurationPlatforms) = preSolution
		Debug|Any CPU = Debug|Any CPU
		Release|Any CPU = Release|Any CPU
	EndGlobalSection
	GlobalSection(ProjectConfigurationPlatforms) = postSolution
		{831C1843-A600-43AB-AAD1-63E6F85BE563}.Debug|Any CPU.ActiveCfg = Debug|Any CPU
		{831C1843-A600-43AB-AAD1-63E6F85BE563}.Debug|Any CPU.Build.0 = Debug|Any CPU
		{831C1843-A600-43AB-AAD1-63E6F85BE563}.Release|Any CPU.ActiveCfg = Release|Any CPU
		{831C1843-A600-43AB-AAD1-63E6F85BE563}.Release|Any CPU.Build.0 = Release|Any CPU
	EndGlobalSection
	GlobalSection(SolutionProperties) = preSolution
		HideSolutionNode = FALSE
	EndGlobalSection
	GlobalSection(ExtensibilityGlobals) = postSolution
		SolutionGuid = {68645392-FCC7-42A8-9BEB-5D9B13F1AA50}
	EndGlobalSection
EndGlobal
